
Microsoft Visual Studio Solution File, Format Version 12.00
# Visual Studio Version 16
VisualStudioVersion = 16.0.29613.14
MinimumVisualStudioVersion = 10.0.40219.1
Project("{9A19103F-16F7-4668-BE54-9A1E7A4F7556}") = "OfflineMessagingAPI.DataAccess", "OfflineMessagingAPI.DataAccess\OfflineMessagingAPI.DataAccess.csproj", "{A4221AE8-0C5B-4B12-BE62-1C2046FA4449}"
EndProject
Project("{9A19103F-16F7-4668-BE54-9A1E7A4F7556}") = "OfflineMessagingAPI.Entities", "OfflineMessagingAPI.Entities\OfflineMessagingAPI.Entities.csproj", "{CB45147F-9729-49C8-8936-AA76A57BD68F}"
EndProject
Project("{9A19103F-16F7-4668-BE54-9A1E7A4F7556}") = "OfflineMessagingAPI.Business", "OfflineMessagingAPI.Business\OfflineMessagingAPI.Business.csproj", "{36B50A74-E848-4DA9-B1F7-7485D5FA9F6D}"
EndProject
Project("{9A19103F-16F7-4668-BE54-9A1E7A4F7556}") = "OfflineMessagingAPI", "OfflineMessagingAPI\OfflineMessagingAPI.csproj", "{DCDADE06-75F7-4EEB-88AC-D33B9D8186BC}"
EndProject
Project("{FAE04EC0-301F-11D3-BF4B-00C04F79EFBC}") = "OfflineMessagingAPI.BusinessTests", "OfflineMessagingAPI.BusinessTests\OfflineMessagingAPI.BusinessTests.csproj", "{C23ECE4A-39CD-4A40-8495-1C469735AD61}"
EndProject
Global
	GlobalSection(SolutionConfigurationPlatforms) = preSolution
		Debug|Any CPU = Debug|Any CPU
		Release|Any CPU = Release|Any CPU
	EndGlobalSection
	GlobalSection(ProjectConfigurationPlatforms) = postSolution
		{A4221AE8-0C5B-4B12-BE62-1C2046FA4449}.Debug|Any CPU.ActiveCfg = Debug|Any CPU
		{A4221AE8-0C5B-4B12-BE62-1C2046FA4449}.Debug|Any CPU.Build.0 = Debug|Any CPU
		{A4221AE8-0C5B-4B12-BE62-1C2046FA4449}.Release|Any CPU.ActiveCfg = Release|Any CPU
		{A4221AE8-0C5B-4B12-BE62-1C2046FA4449}.Release|Any CPU.Build.0 = Release|Any CPU
		{CB45147F-9729-49C8-8936-AA76A57BD68F}.Debug|Any CPU.ActiveCfg = Debug|Any CPU
		{CB45147F-9729-49C8-8936-AA76A57BD68F}.Debug|Any CPU.Build.0 = Debug|Any CPU
		{CB45147F-9729-49C8-8936-AA76A57BD68F}.Release|Any CPU.ActiveCfg = Release|Any CPU
		{CB45147F-9729-49C8-8936-AA76A57BD68F}.Release|Any CPU.Build.0 = Release|Any CPU
		{36B50A74-E848-4DA9-B1F7-7485D5FA9F6D}.Debug|Any CPU.ActiveCfg = Debug|Any CPU
		{36B50A74-E848-4DA9-B1F7-7485D5FA9F6D}.Debug|Any CPU.Build.0 = Debug|Any CPU
		{36B50A74-E848-4DA9-B1F7-7485D5FA9F6D}.Release|Any CPU.ActiveCfg = Release|Any CPU
		{36B50A74-E848-4DA9-B1F7-7485D5FA9F6D}.Release|Any CPU.Build.0 = Release|Any CPU
		{DCDADE06-75F7-4EEB-88AC-D33B9D8186BC}.Debug|Any CPU.ActiveCfg = Debug|Any CPU
		{DCDADE06-75F7-4EEB-88AC-D33B9D8186BC}.Debug|Any CPU.Build.0 = Debug|Any CPU
		{DCDADE06-75F7-4EEB-88AC-D33B9D8186BC}.Release|Any CPU.ActiveCfg = Release|Any CPU
		{DCDADE06-75F7-4EEB-88AC-D33B9D8186BC}.Release|Any CPU.Build.0 = Release|Any CPU
		{C23ECE4A-39CD-4A40-8495-1C469735AD61}.Debug|Any CPU.ActiveCfg = Debug|Any CPU
		{C23ECE4A-39CD-4A40-8495-1C469735AD61}.Debug|Any CPU.Build.0 = Debug|Any CPU
		{C23ECE4A-39CD-4A40-8495-1C469735AD61}.Release|Any CPU.ActiveCfg = Release|Any CPU
		{C23ECE4A-39CD-4A40-8495-1C469735AD61}.Release|Any CPU.Build.0 = Release|Any CPU
	EndGlobalSection
	GlobalSection(SolutionProperties) = preSolution
		HideSolutionNode = FALSE
	EndGlobalSection
	GlobalSection(ExtensibilityGlobals) = postSolution
		SolutionGuid = {D927A2C3-DF27-4443-9F3B-DC47E715A617}
	EndGlobalSection
EndGlobal
